
Microsoft Visual Studio Solution File, Format Version 12.00
# Visual Studio Version 17
VisualStudioVersion = 17.0.32014.148
MinimumVisualStudioVersion = 10.0.40219.1
Project("{9A19103F-16F7-4668-BE54-9A1E7A4F7556}") = "InputSimulator", "InputSimulator\InputSimulator.csproj", "{A569D323-4658-4B17-B32A-350CBCE46AA8}"
EndProject
Global
	GlobalSection(SolutionConfigurationPlatforms) = preSolution
		Debug|Any CPU = Debug|Any CPU
		Release|Any CPU = Release|Any CPU
	EndGlobalSection
	GlobalSection(ProjectConfigurationPlatforms) = postSolution
		{A569D323-4658-4B17-B32A-350CBCE46AA8}.Debug|Any CPU.ActiveCfg = Debug|Any CPU
		{A569D323-4658-4B17-B32A-350CBCE46AA8}.Debug|Any CPU.Build.0 = Debug|Any CPU
		{A569D323-4658-4B17-B32A-350CBCE46AA8}.Release|Any CPU.ActiveCfg = Release|Any CPU
		{A569D323-4658-4B17-B32A-350CBCE46AA8}.Release|Any CPU.Build.0 = Release|Any CPU
	EndGlobalSection
	GlobalSection(SolutionProperties) = preSolution
		HideSolutionNode = FALSE
	EndGlobalSection
	GlobalSection(ExtensibilityGlobals) = postSolution
		SolutionGuid = {08DB955A-C028-423B-9CF9-A1C605FE9DE9}
	EndGlobalSection
EndGlobal
